// !$*UTF8*$!
{
	archiveVersion = 1;
	classes = {
	};
	objectVersion = 46;
	objects = {

/* Begin PBXBuildFile section */
		F64A1DC11E6FE05300C65B20 /* AppDelegate.swift in Sources */ = {isa = PBXBuildFile; fileRef = F64A1DC01E6FE05300C65B20 /* AppDelegate.swift */; };
		F64A1DC31E6FE05300C65B20 /* ViewController.swift in Sources */ = {isa = PBXBuildFile; fileRef = F64A1DC21E6FE05300C65B20 /* ViewController.swift */; };
		F64A1DC61E6FE05300C65B20 /* Main.storyboard in Resources */ = {isa = PBXBuildFile; fileRef = F64A1DC41E6FE05300C65B20 /* Main.storyboard */; };
		F64A1DC81E6FE05300C65B20 /* Assets.xcassets in Resources */ = {isa = PBXBuildFile; fileRef = F64A1DC71E6FE05300C65B20 /* Assets.xcassets */; };
		F64A1DCB1E6FE05300C65B20 /* LaunchScreen.storyboard in Resources */ = {isa = PBXBuildFile; fileRef = F64A1DC91E6FE05300C65B20 /* LaunchScreen.storyboard */; };
/* End PBXBuildFile section */

/* Begin PBXFileReference section */
		F64A1DBD1E6FE05200C65B20 /* SocketProgrammingExample.app */ = {isa = PBXFileReference; explicitFileType = wrapper.application; includeInIndex = 0; path = SocketProgrammingExample.app; sourceTree = BUILT_PRODUCTS_DIR; };
		F64A1DC01E6FE05300C65B20 /* AppDelegate.swift */ = {isa = PBXFileReference; lastKnownFileType = sourcecode.swift; path = AppDelegate.swift; sourceTree = "<group>"; };
		F64A1DC21E6FE05300C65B20 /* ViewController.swift */ = {isa = PBXFileReference; lastKnownFileType = sourcecode.swift; path = ViewController.swift; sourceTree = "<group>"; };
		F64A1DC51E6FE05300C65B20 /* Base */ = {isa = PBXFileReference; lastKnownFileType = file.storyboard; name = Base; path = Base.lproj/Main.storyboard; sourceTree = "<group>"; };
		F64A1DC71E6FE05300C65B20 /* Assets.xcassets */ = {isa = PBXFileReference; lastKnownFileType = folder.assetcatalog; path = Assets.xcassets; sourceTree = "<group>"; };
		F64A1DCA1E6FE05300C65B20 /* Base */ = {isa = PBXFileReference; lastKnownFileType = file.storyboard; name = Base; path = Base.lproj/LaunchScreen.storyboard; sourceTree = "<group>"; };
		F64A1DCC1E6FE05300C65B20 /* Info.plist */ = {isa = PBXFileReference; lastKnownFileType = text.plist.xml; path = Info.plist; sourceTree = "<group>"; };
/* End PBXFileReference section */

/* Begin PBXFrameworksBuildPhase section */
		F64A1DBA1E6FE05100C65B20 /* Frameworks */ = {
			isa = PBXFrameworksBuildPhase;
			buildActionMask = 2147483647;
			files = (
			);
			runOnlyForDeploymentPostprocessing = 0;
		};
/* End PBXFrameworksBuildPhase section */

/* Begin PBXGroup section */
		F64A1DB41E6FE05000C65B20 = {
			isa = PBXGroup;
			children = (
				F64A1DBF1E6FE05300C65B20 /* SocketProgrammingExample */,
				F64A1DBE1E6FE05200C65B20 /* Products */,
			);
			sourceTree = "<group>";
		};
		F64A1DBE1E6FE05200C65B20 /* Products */ = {
			isa = PBXGroup;
			children = (
				F64A1DBD1E6FE05200C65B20 /* SocketProgrammingExample.app */,
			);
			name = Products;
			sourceTree = "<group>";
		};
		F64A1DBF1E6FE05300C65B20 /* SocketProgrammingExample */ = {
			isa = PBXGroup;
			children = (
				F64A1DC01E6FE05300C65B20 /* AppDelegate.swift */,
				F64A1DC21E6FE05300C65B20 /* ViewController.swift */,
				F64A1DC41E6FE05300C65B20 /* Main.storyboard */,
				F64A1DC71E6FE05300C65B20 /* Assets.xcassets */,
				F64A1DC91E6FE05300C65B20 /* LaunchScreen.storyboard */,
				F64A1DCC1E6FE05300C65B20 /* Info.plist */,
			);
			path = SocketProgrammingExample;
			sourceTree = "<group>";
		};
/* End PBXGroup section */

/* Begin PBXNativeTarget section */
		F64A1DBC1E6FE05100C65B20 /* SocketProgrammingExample */ = {
			isa = PBXNativeTarget;
			buildConfigurationList = F64A1DCF1E6FE05300C65B20 /* Build configuration list for PBXNativeTarget "SocketProgrammingExample" */;
			buildPhases = (
				F64A1DB91E6FE05100C65B20 /* Sources */,
				F64A1DBA1E6FE05100C65B20 /* Frameworks */,
				F64A1DBB1E6FE05100C65B20 /* Resources */,
			);
			buildRules = (
			);
			dependencies = (
			);
			name = SocketProgrammingExample;
			productName = SocketProgrammingExample;
			productReference = F64A1DBD1E6FE05200C65B20 /* SocketProgrammingExample.app */;
			productType = "com.apple.product-type.application";
		};
/* End PBXNativeTarget section */

/* Begin PBXProject section */
		F64A1DB51E6FE05100C65B20 /* Project object */ = {
			isa = PBXProject;
			attributes = {
				LastSwiftUpdateCheck = 0730;
				LastUpgradeCheck = 0730;
				ORGANIZATIONNAME = Slbd;
				TargetAttributes = {
					F64A1DBC1E6FE05100C65B20 = {
						CreatedOnToolsVersion = 7.3.1;
					};
				};
			};
			buildConfigurationList = F64A1DB81E6FE05100C65B20 /* Build configuration list for PBXProject "SocketProgrammingExample" */;
			compatibilityVersion = "Xcode 3.2";
			developmentRegion = English;
			hasScannedForEncodings = 0;
			knownRegions = (
				en,
				Base,
			);
			mainGroup = F64A1DB41E6FE05000C65B20;
			productRefGroup = F64A1DBE1E6FE05200C65B20 /* Products */;
			projectDirPath = "";
			projectRoot = "";
			targets = (
				F64A1DBC1E6FE05100C65B20 /* SocketProgrammingExample */,
			);
		};
/* End PBXProject section */

/* Begin PBXResourcesBuildPhase section */
		F64A1DBB1E6FE05100C65B20 /* Resources */ = {
			isa = PBXResourcesBuildPhase;
			buildActionMask = 2147483647;
			files = (
				F64A1DCB1E6FE05300C65B20 /* LaunchScreen.storyboard in Resources */,
				F64A1DC81E6FE05300C65B20 /* Assets.xcassets in Resources */,
				F64A1DC61E6FE05300C65B20 /* Main.storyboard in Resources */,
			);
			runOnlyForDeploymentPostprocessing = 0;
		};
/* End PBXResourcesBuildPhase section */

/* Begin PBXSourcesBuildPhase section */
		F64A1DB91E6FE05100C65B20 /* Sources */ = {
			isa = PBXSourcesBuildPhase;
			buildActionMask = 2147483647;
			files = (
				F64A1DC31E6FE05300C65B20 /* ViewController.swift in Sources */,
				F64A1DC11E6FE05300C65B20 /* AppDelegate.swift in Sources */,
			);
			runOnlyForDeploymentPostprocessing = 0;
		};
/* End PBXSourcesBuildPhase section */

/* Begin PBXVariantGroup section */
		F64A1DC41E6FE05300C65B20 /* Main.storyboard */ = {
			isa = PBXVariantGroup;
			children = (
				F64A1DC51E6FE05300C65B20 /* Base */,
			);
			name = Main.storyboard;
			sourceTree = "<group>";
		};
		F64A1DC91E6FE05300C65B20 /* LaunchScreen.storyboard */ = {
			isa = PBXVariantGroup;
			children = (
				F64A1DCA1E6FE05300C65B20 /* Base */,
			);
			name = LaunchScreen.storyboard;
			sourceTree = "<group>";
		};
/* End PBXVariantGroup section */

/* Begin XCBuildConfiguration section */
		F64A1DCD1E6FE05300C65B20 /* Debug */ = {
			isa = XCBuildConfiguration;
			buildSettings = {
				ALWAYS_SEARCH_USER_PATHS = NO;
				CLANG_ANALYZER_NONNULL = YES;
				CLANG_CXX_LANGUAGE_STANDARD = "gnu++0x";
				CLANG_CXX_LIBRARY = "libc++";
				CLANG_ENABLE_MODULES = YES;
				CLANG_ENABLE_OBJC_ARC = YES;
				CLANG_WARN_BOOL_CONVERSION = YES;
				CLANG_WARN_CONSTANT_CONVERSION = YES;
				CLANG_WARN_DIRECT_OBJC_ISA_USAGE = YES_ERROR;
				CLANG_WARN_EMPTY_BODY = YES;
				CLANG_WARN_ENUM_CONVERSION = YES;
				CLANG_WARN_INT_CONVERSION = YES;
				CLANG_WARN_OBJC_ROOT_CLASS = YES_ERROR;
				CLANG_WARN_UNREACHABLE_CODE = YES;
				CLANG_WARN__DUPLICATE_METHOD_MATCH = YES;
				"CODE_SIGN_IDENTITY[sdk=iphoneos*]" = "iPhone Developer";
				COPY_PHASE_STRIP = NO;
				DEBUG_INFORMATION_FORMAT = dwarf;
				ENABLE_STRICT_OBJC_MSGSEND = YES;
				ENABLE_TESTABILITY = YES;
				GCC_C_LANGUAGE_STANDARD = gnu99;
				GCC_DYNAMIC_NO_PIC = NO;
				GCC_NO_COMMON_BLOCKS = YES;
				GCC_OPTIMIZATION_LEVEL = 0;
				GCC_PREPROCESSOR_DEFINITIONS = (
					"DEBUG=1",
					"$(inherited)",
				);
				GCC_WARN_64_TO_32_BIT_CONVERSION = YES;
				GCC_WARN_ABOUT_RETURN_TYPE = YES_ERROR;
				GCC_WARN_UNDECLARED_SELECTOR = YES;
				GCC_WARN_UNINITIALIZED_AUTOS = YES_AGGRESSIVE;
				GCC_WARN_UNUSED_FUNCTION = YES;
				GCC_WARN_UNUSED_VARIABLE = YES;
				IPHONEOS_DEPLOYMENT_TARGET = 9.3;
				MTL_ENABLE_DEBUG_INFO = YES;
				ONLY_ACTIVE_ARCH = YES;
				SDKROOT = iphoneos;
				SWIFT_OPTIMIZATION_LEVEL = "-Onone";
				TARGETED_DEVICE_FAMILY = "1,2";
			};
			name = Debug;
		};
		F64A1DCE1E6FE05300C65B20 /* Release */ = {
			isa = XCBuildConfiguration;
			buildSettings = {
				ALWAYS_SEARCH_USER_PATHS = NO;
				CLANG_ANALYZER_NONNULL = YES;
				CLANG_CXX_LANGUAGE_STANDARD = "gnu++0x";
				CLANG_CXX_LIBRARY = "libc++";
				CLANG_ENABLE_MODULES = YES;
				CLANG_ENABLE_OBJC_ARC = YES;
				CLANG_WARN_BOOL_CONVERSION = YES;
				CLANG_WARN_CONSTANT_CONVERSION = YES;
				CLANG_WARN_DIRECT_OBJC_ISA_USAGE = YES_ERROR;
				CLANG_WARN_EMPTY_BODY = YES;
				CLANG_WARN_ENUM_CONVERSION = YES;
				CLANG_WARN_INT_CONVERSION = YES;
				CLANG_WARN_OBJC_ROOT_CLASS = YES_ERROR;
				CLANG_WARN_UNREACHABLE_CODE = YES;
				CLANG_WARN__DUPLICATE_METHOD_MATCH = YES;
				"CODE_SIGN_IDENTITY[sdk=iphoneos*]" = "iPhone Developer";
				COPY_PHASE_STRIP = NO;
				DEBUG_INFORMATION_FORMAT = "dwarf-with-dsym";
				ENABLE_NS_ASSERTIONS = NO;
				ENABLE_STRICT_OBJC_MSGSEND = YES;
				GCC_C_LANGUAGE_STANDARD = gnu99;
				GCC_NO_COMMON_BLOCKS = YES;
				GCC_WARN_64_TO_32_BIT_CONVERSION = YES;
				GCC_WARN_ABOUT_RETURN_TYPE = YES_ERROR;
				GCC_WARN_UNDECLARED_SELECTOR = YES;
				GCC_WARN_UNINITIALIZED_AUTOS = YES_AGGRESSIVE;
				GCC_WARN_UNUSED_FUNCTION = YES;
				GCC_WARN_UNUSED_VARIABLE = YES;
				IPHONEOS_DEPLOYMENT_TARGET = 9.3;
				MTL_ENABLE_DEBUG_INFO = NO;
				SDKROOT = iphoneos;
				TARGETED_DEVICE_FAMILY = "1,2";
				VALIDATE_PRODUCT = YES;
			};
			name = Release;
		};
		F64A1DD01E6FE05300C65B20 /* Debug */ = {
			isa = XCBuildConfiguration;
			buildSettings = {
				ASSETCATALOG_COMPILER_APPICON_NAME = AppIcon;
				INFOPLIST_FILE = SocketProgrammingExample/Info.plist;
				LD_RUNPATH_SEARCH_PATHS = "$(inherited) @executable_path/Frameworks";
				PRODUCT_BUNDLE_IDENTIFIER = com.slbd.SocketProgrammingExample;
				PRODUCT_NAME = "$(TARGET_NAME)";
			};
			name = Debug;
		};
		F64A1DD11E6FE05300C65B20 /* Release */ = {
			isa = XCBuildConfiguration;
			buildSettings = {
				ASSETCATALOG_COMPILER_APPICON_NAME = AppIcon;
				INFOPLIST_FILE = SocketProgrammingExample/Info.plist;
				LD_RUNPATH_SEARCH_PATHS = "$(inherited) @executable_path/Frameworks";
				PRODUCT_BUNDLE_IDENTIFIER = com.slbd.SocketProgrammingExample;
				PRODUCT_NAME = "$(TARGET_NAME)";
			};
			name = Release;
		};
/* End XCBuildConfiguration section */

/* Begin XCConfigurationList section */
		F64A1DB81E6FE05100C65B20 /* Build configuration list for PBXProject "SocketProgrammingExample" */ = {
			isa = XCConfigurationList;
			buildConfigurations = (
				F64A1DCD1E6FE05300C65B20 /* Debug */,
				F64A1DCE1E6FE05300C65B20 /* Release */,
			);
			defaultConfigurationIsVisible = 0;
			defaultConfigurationName = Release;
		};
		F64A1DCF1E6FE05300C65B20 /* Build configuration list for PBXNativeTarget "SocketProgrammingExample" */ = {
			isa = XCConfigurationList;
			buildConfigurations = (
				F64A1DD01E6FE05300C65B20 /* Debug */,
				F64A1DD11E6FE05300C65B20 /* Release */,
			);
			defaultConfigurationIsVisible = 0;
		};
/* End XCConfigurationList section */
	};
	rootObject = F64A1DB51E6FE05100C65B20 /* Project object */;
}
